// !$*UTF8*$!
{
	archiveVersion = 1;
	classes = {
	};
	objectVersion = 46;
	objects = {

/* Begin PBXBuildFile section */
		E23434511B46F29600B47472 /* LowPoly-Bridging-Header.h in Headers */ = {isa = PBXBuildFile; fileRef = E23434501B46F29600B47472 /* LowPoly-Bridging-Header.h */; };
		E23434871B4708D300B47472 /* shapes.cc in Sources */ = {isa = PBXBuildFile; fileRef = E234345D1B4708D300B47472 /* shapes.cc */; };
		E23434881B4708D300B47472 /* shapes.cc in Sources */ = {isa = PBXBuildFile; fileRef = E234345D1B4708D300B47472 /* shapes.cc */; };
		E23434891B4708D300B47472 /* shapes.h in Headers */ = {isa = PBXBuildFile; fileRef = E234345E1B4708D300B47472 /* shapes.h */; };
		E234348A1B4708D300B47472 /* utils.h in Headers */ = {isa = PBXBuildFile; fileRef = E234345F1B4708D300B47472 /* utils.h */; };
		E234348B1B4708D300B47472 /* poly2tri.h in Headers */ = {isa = PBXBuildFile; fileRef = E23434601B4708D300B47472 /* poly2tri.h */; };
		E234348C1B4708D300B47472 /* advancing_front.cc in Sources */ = {isa = PBXBuildFile; fileRef = E23434621B4708D300B47472 /* advancing_front.cc */; };
		E234348D1B4708D300B47472 /* advancing_front.cc in Sources */ = {isa = PBXBuildFile; fileRef = E23434621B4708D300B47472 /* advancing_front.cc */; };
		E234348E1B4708D300B47472 /* advancing_front.h in Headers */ = {isa = PBXBuildFile; fileRef = E23434631B4708D300B47472 /* advancing_front.h */; };
		E234348F1B4708D300B47472 /* cdt.cc in Sources */ = {isa = PBXBuildFile; fileRef = E23434641B4708D300B47472 /* cdt.cc */; };
		E23434901B4708D300B47472 /* cdt.cc in Sources */ = {isa = PBXBuildFile; fileRef = E23434641B4708D300B47472 /* cdt.cc */; };
		E23434911B4708D300B47472 /* cdt.h in Headers */ = {isa = PBXBuildFile; fileRef = E23434651B4708D300B47472 /* cdt.h */; };
		E23434921B4708D300B47472 /* sweep.cc in Sources */ = {isa = PBXBuildFile; fileRef = E23434661B4708D300B47472 /* sweep.cc */; };
		E23434931B4708D300B47472 /* sweep.cc in Sources */ = {isa = PBXBuildFile; fileRef = E23434661B4708D300B47472 /* sweep.cc */; };
		E23434941B4708D300B47472 /* sweep.h in Headers */ = {isa = PBXBuildFile; fileRef = E23434671B4708D300B47472 /* sweep.h */; };
		E23434951B4708D300B47472 /* sweep_context.cc in Sources */ = {isa = PBXBuildFile; fileRef = E23434681B4708D300B47472 /* sweep_context.cc */; };
		E23434961B4708D300B47472 /* sweep_context.cc in Sources */ = {isa = PBXBuildFile; fileRef = E23434681B4708D300B47472 /* sweep_context.cc */; };
		E23434971B4708D300B47472 /* sweep_context.h in Headers */ = {isa = PBXBuildFile; fileRef = E23434691B4708D300B47472 /* sweep_context.h */; };
		E23434C51B470C7000B47472 /* Delaunay.h in Headers */ = {isa = PBXBuildFile; fileRef = E23434C31B470C7000B47472 /* Delaunay.h */; };
		E23434C61B470C7000B47472 /* Delaunay.mm in Sources */ = {isa = PBXBuildFile; fileRef = E23434C41B470C7000B47472 /* Delaunay.mm */; };
		E23434CC1B47428200B47472 /* CGPoint.swift in Sources */ = {isa = PBXBuildFile; fileRef = E23434CA1B47428200B47472 /* CGPoint.swift */; };
		E23434CE1B4742B600B47472 /* CGPointTests.swift in Sources */ = {isa = PBXBuildFile; fileRef = E23434CD1B4742B600B47472 /* CGPointTests.swift */; };
		E23434CF1B4742C500B47472 /* CGPoint.swift in Sources */ = {isa = PBXBuildFile; fileRef = E23434CA1B47428200B47472 /* CGPoint.swift */; };
		E24799AF1B497DC20041DCE5 /* DelaunayTests.swift in Sources */ = {isa = PBXBuildFile; fileRef = E24799AE1B497DC20041DCE5 /* DelaunayTests.swift */; };
		E24799B21B4996EC0041DCE5 /* Delaunay.swift in Sources */ = {isa = PBXBuildFile; fileRef = E24799B11B4996EC0041DCE5 /* Delaunay.swift */; };
		E24799B31B4996F40041DCE5 /* Delaunay.swift in Sources */ = {isa = PBXBuildFile; fileRef = E24799B11B4996EC0041DCE5 /* Delaunay.swift */; };
		E24799B81B49AAED0041DCE5 /* Triangle.swift in Sources */ = {isa = PBXBuildFile; fileRef = E24799B71B49AAED0041DCE5 /* Triangle.swift */; };
		E24799B91B49AAED0041DCE5 /* Triangle.swift in Sources */ = {isa = PBXBuildFile; fileRef = E24799B71B49AAED0041DCE5 /* Triangle.swift */; };
		E24799BC1B49C0380041DCE5 /* Mersenne.h in Headers */ = {isa = PBXBuildFile; fileRef = E24799BA1B49C0380041DCE5 /* Mersenne.h */; };
		E24799BD1B49C0380041DCE5 /* Mersenne.mm in Sources */ = {isa = PBXBuildFile; fileRef = E24799BB1B49C0380041DCE5 /* Mersenne.mm */; };
		E24799BF1B49D1CB0041DCE5 /* Mersenne.swift in Sources */ = {isa = PBXBuildFile; fileRef = E24799BE1B49D1CB0041DCE5 /* Mersenne.swift */; };
		E24799C01B49D1CB0041DCE5 /* Mersenne.swift in Sources */ = {isa = PBXBuildFile; fileRef = E24799BE1B49D1CB0041DCE5 /* Mersenne.swift */; };
		E24799C31B49D1F20041DCE5 /* MersenneTests.swift in Sources */ = {isa = PBXBuildFile; fileRef = E24799C11B49D1F20041DCE5 /* MersenneTests.swift */; };
		E2E4C4851B3F13C600E399FB /* LowPoly.framework in Frameworks */ = {isa = PBXBuildFile; fileRef = E2E4C4791B3F13C500E399FB /* LowPoly.framework */; };
		E2E4C4961B3F14C700E399FB /* LowPolyView.swift in Sources */ = {isa = PBXBuildFile; fileRef = E2E4C4951B3F14C700E399FB /* LowPolyView.swift */; };
		E2E4C4A01B3F16E300E399FB /* AppDelegate.swift in Sources */ = {isa = PBXBuildFile; fileRef = E2E4C49F1B3F16E300E399FB /* AppDelegate.swift */; };
		E2E4C4A51B3F16E300E399FB /* Main.storyboard in Resources */ = {isa = PBXBuildFile; fileRef = E2E4C4A31B3F16E300E399FB /* Main.storyboard */; };
		E2E4C4A71B3F16E300E399FB /* Images.xcassets in Resources */ = {isa = PBXBuildFile; fileRef = E2E4C4A61B3F16E300E399FB /* Images.xcassets */; };
		E2E4C4AA1B3F16E300E399FB /* LaunchScreen.xib in Resources */ = {isa = PBXBuildFile; fileRef = E2E4C4A81B3F16E300E399FB /* LaunchScreen.xib */; };
		E2EE48CB1B41DDEF00857A74 /* LowPoly.framework in Frameworks */ = {isa = PBXBuildFile; fileRef = E2E4C4791B3F13C500E399FB /* LowPoly.framework */; };
		E2F7C8361B4761B100D1A4A2 /* Delaunay.mm in Sources */ = {isa = PBXBuildFile; fileRef = E23434C41B470C7000B47472 /* Delaunay.mm */; };
/* End PBXBuildFile section */

/* Begin PBXContainerItemProxy section */
		E2E4C4861B3F13C600E399FB /* PBXContainerItemProxy */ = {
			isa = PBXContainerItemProxy;
			containerPortal = E2E4C4701B3F13C500E399FB /* Project object */;
			proxyType = 1;
			remoteGlobalIDString = E2E4C4781B3F13C500E399FB;
			remoteInfo = LowPoly;
		};
		E2EE48C91B41DDDD00857A74 /* PBXContainerItemProxy */ = {
			isa = PBXContainerItemProxy;
			containerPortal = E2E4C4701B3F13C500E399FB /* Project object */;
			proxyType = 1;
			remoteGlobalIDString = E2E4C4781B3F13C500E399FB;
			remoteInfo = LowPoly;
		};
/* End PBXContainerItemProxy section */

/* Begin PBXFileReference section */
		E23434501B46F29600B47472 /* LowPoly-Bridging-Header.h */ = {isa = PBXFileReference; fileEncoding = 4; lastKnownFileType = sourcecode.c.h; name = "LowPoly-Bridging-Header.h"; path = "Supporting Files/LowPoly-Bridging-Header.h"; sourceTree = "<group>"; };
		E234345D1B4708D300B47472 /* shapes.cc */ = {isa = PBXFileReference; fileEncoding = 4; lastKnownFileType = sourcecode.cpp.cpp; path = shapes.cc; sourceTree = "<group>"; };
		E234345E1B4708D300B47472 /* shapes.h */ = {isa = PBXFileReference; fileEncoding = 4; lastKnownFileType = sourcecode.c.h; path = shapes.h; sourceTree = "<group>"; };
		E234345F1B4708D300B47472 /* utils.h */ = {isa = PBXFileReference; fileEncoding = 4; lastKnownFileType = sourcecode.c.h; path = utils.h; sourceTree = "<group>"; };
		E23434601B4708D300B47472 /* poly2tri.h */ = {isa = PBXFileReference; fileEncoding = 4; lastKnownFileType = sourcecode.c.h; path = poly2tri.h; sourceTree = "<group>"; };
		E23434621B4708D300B47472 /* advancing_front.cc */ = {isa = PBXFileReference; fileEncoding = 4; lastKnownFileType = sourcecode.cpp.cpp; path = advancing_front.cc; sourceTree = "<group>"; };
		E23434631B4708D300B47472 /* advancing_front.h */ = {isa = PBXFileReference; fileEncoding = 4; lastKnownFileType = sourcecode.c.h; path = advancing_front.h; sourceTree = "<group>"; };
		E23434641B4708D300B47472 /* cdt.cc */ = {isa = PBXFileReference; fileEncoding = 4; lastKnownFileType = sourcecode.cpp.cpp; path = cdt.cc; sourceTree = "<group>"; };
		E23434651B4708D300B47472 /* cdt.h */ = {isa = PBXFileReference; fileEncoding = 4; lastKnownFileType = sourcecode.c.h; path = cdt.h; sourceTree = "<group>"; };
		E23434661B4708D300B47472 /* sweep.cc */ = {isa = PBXFileReference; fileEncoding = 4; lastKnownFileType = sourcecode.cpp.cpp; path = sweep.cc; sourceTree = "<group>"; };
		E23434671B4708D300B47472 /* sweep.h */ = {isa = PBXFileReference; fileEncoding = 4; lastKnownFileType = sourcecode.c.h; path = sweep.h; sourceTree = "<group>"; };
		E23434681B4708D300B47472 /* sweep_context.cc */ = {isa = PBXFileReference; fileEncoding = 4; lastKnownFileType = sourcecode.cpp.cpp; path = sweep_context.cc; sourceTree = "<group>"; };
		E23434691B4708D300B47472 /* sweep_context.h */ = {isa = PBXFileReference; fileEncoding = 4; lastKnownFileType = sourcecode.c.h; path = sweep_context.h; sourceTree = "<group>"; };
		E23434C31B470C7000B47472 /* Delaunay.h */ = {isa = PBXFileReference; fileEncoding = 4; lastKnownFileType = sourcecode.c.h; name = Delaunay.h; path = Geometry/Delaunay.h; sourceTree = "<group>"; };
		E23434C41B470C7000B47472 /* Delaunay.mm */ = {isa = PBXFileReference; fileEncoding = 4; lastKnownFileType = sourcecode.cpp.objcpp; name = Delaunay.mm; path = Geometry/Delaunay.mm; sourceTree = "<group>"; };
		E23434CA1B47428200B47472 /* CGPoint.swift */ = {isa = PBXFileReference; fileEncoding = 4; lastKnownFileType = sourcecode.swift; name = CGPoint.swift; path = Extensions/CGPoint.swift; sourceTree = "<group>"; };
		E23434CD1B4742B600B47472 /* CGPointTests.swift */ = {isa = PBXFileReference; fileEncoding = 4; lastKnownFileType = sourcecode.swift; name = CGPointTests.swift; path = Extensions/CGPointTests.swift; sourceTree = "<group>"; };
		E24799AE1B497DC20041DCE5 /* DelaunayTests.swift */ = {isa = PBXFileReference; fileEncoding = 4; lastKnownFileType = sourcecode.swift; name = DelaunayTests.swift; path = Geometry/DelaunayTests.swift; sourceTree = "<group>"; };
		E24799B11B4996EC0041DCE5 /* Delaunay.swift */ = {isa = PBXFileReference; fileEncoding = 4; lastKnownFileType = sourcecode.swift; name = Delaunay.swift; path = Geometry/Delaunay.swift; sourceTree = "<group>"; };
		E24799B71B49AAED0041DCE5 /* Triangle.swift */ = {isa = PBXFileReference; fileEncoding = 4; lastKnownFileType = sourcecode.swift; name = Triangle.swift; path = Geometry/Triangle.swift; sourceTree = "<group>"; };
		E24799BA1B49C0380041DCE5 /* Mersenne.h */ = {isa = PBXFileReference; fileEncoding = 4; lastKnownFileType = sourcecode.c.h; name = Mersenne.h; path = PRNG/Mersenne.h; sourceTree = "<group>"; };
		E24799BB1B49C0380041DCE5 /* Mersenne.mm */ = {isa = PBXFileReference; fileEncoding = 4; lastKnownFileType = sourcecode.cpp.objcpp; name = Mersenne.mm; path = PRNG/Mersenne.mm; sourceTree = "<group>"; };
		E24799BE1B49D1CB0041DCE5 /* Mersenne.swift */ = {isa = PBXFileReference; fileEncoding = 4; lastKnownFileType = sourcecode.swift; name = Mersenne.swift; path = PRNG/Mersenne.swift; sourceTree = "<group>"; };
		E24799C11B49D1F20041DCE5 /* MersenneTests.swift */ = {isa = PBXFileReference; fileEncoding = 4; lastKnownFileType = sourcecode.swift; name = MersenneTests.swift; path = PRNG/MersenneTests.swift; sourceTree = "<group>"; };
		E2E4C4791B3F13C500E399FB /* LowPoly.framework */ = {isa = PBXFileReference; explicitFileType = wrapper.framework; includeInIndex = 0; path = LowPoly.framework; sourceTree = BUILT_PRODUCTS_DIR; };
		E2E4C47D1B3F13C500E399FB /* Info.plist */ = {isa = PBXFileReference; lastKnownFileType = text.plist.xml; path = Info.plist; sourceTree = "<group>"; };
		E2E4C4841B3F13C600E399FB /* LowPolyTests.xctest */ = {isa = PBXFileReference; explicitFileType = wrapper.cfbundle; includeInIndex = 0; path = LowPolyTests.xctest; sourceTree = BUILT_PRODUCTS_DIR; };
		E2E4C48A1B3F13C600E399FB /* Info.plist */ = {isa = PBXFileReference; lastKnownFileType = text.plist.xml; path = Info.plist; sourceTree = "<group>"; };
		E2E4C4951B3F14C700E399FB /* LowPolyView.swift */ = {isa = PBXFileReference; fileEncoding = 4; lastKnownFileType = sourcecode.swift; path = LowPolyView.swift; sourceTree = "<group>"; };
		E2E4C49B1B3F16E300E399FB /* LowPolyExample.app */ = {isa = PBXFileReference; explicitFileType = wrapper.application; includeInIndex = 0; path = LowPolyExample.app; sourceTree = BUILT_PRODUCTS_DIR; };
		E2E4C49E1B3F16E300E399FB /* Info.plist */ = {isa = PBXFileReference; lastKnownFileType = text.plist.xml; path = Info.plist; sourceTree = "<group>"; };
		E2E4C49F1B3F16E300E399FB /* AppDelegate.swift */ = {isa = PBXFileReference; lastKnownFileType = sourcecode.swift; path = AppDelegate.swift; sourceTree = "<group>"; };
		E2E4C4A41B3F16E300E399FB /* Base */ = {isa = PBXFileReference; lastKnownFileType = file.storyboard; name = Base; path = Base.lproj/Main.storyboard; sourceTree = "<group>"; };
		E2E4C4A61B3F16E300E399FB /* Images.xcassets */ = {isa = PBXFileReference; lastKnownFileType = folder.assetcatalog; path = Images.xcassets; sourceTree = "<group>"; };
		E2E4C4A91B3F16E300E399FB /* Base */ = {isa = PBXFileReference; lastKnownFileType = file.xib; name = Base; path = Base.lproj/LaunchScreen.xib; sourceTree = "<group>"; };
/* End PBXFileReference section */

/* Begin PBXFrameworksBuildPhase section */
		E2E4C4751B3F13C500E399FB /* Frameworks */ = {
			isa = PBXFrameworksBuildPhase;
			buildActionMask = 2147483647;
			files = (
			);
			runOnlyForDeploymentPostprocessing = 0;
		};
		E2E4C4811B3F13C600E399FB /* Frameworks */ = {
			isa = PBXFrameworksBuildPhase;
			buildActionMask = 2147483647;
			files = (
				E2E4C4851B3F13C600E399FB /* LowPoly.framework in Frameworks */,
			);
			runOnlyForDeploymentPostprocessing = 0;
		};
		E2E4C4981B3F16E300E399FB /* Frameworks */ = {
			isa = PBXFrameworksBuildPhase;
			buildActionMask = 2147483647;
			files = (
				E2EE48CB1B41DDEF00857A74 /* LowPoly.framework in Frameworks */,
			);
			runOnlyForDeploymentPostprocessing = 0;
		};
/* End PBXFrameworksBuildPhase section */

/* Begin PBXGroup section */
		E234344B1B46F1FA00B47472 /* Submodules */ = {
			isa = PBXGroup;
			children = (
				E23434571B4708D300B47472 /* poly2tri */,
			);
			name = Submodules;
			path = ..;
			sourceTree = "<group>";
		};
		E23434571B4708D300B47472 /* poly2tri */ = {
			isa = PBXGroup;
			children = (
				E234345B1B4708D300B47472 /* poly2tri */,
			);
			name = poly2tri;
			path = LowPoly/Submodules/poly2tri;
			sourceTree = "<group>";
		};
		E234345B1B4708D300B47472 /* poly2tri */ = {
			isa = PBXGroup;
			children = (
				E23434601B4708D300B47472 /* poly2tri.h */,
				E234345C1B4708D300B47472 /* common */,
				E23434611B4708D300B47472 /* sweep */,
			);
			path = poly2tri;
			sourceTree = "<group>";
		};
		E234345C1B4708D300B47472 /* common */ = {
			isa = PBXGroup;
			children = (
				E234345F1B4708D300B47472 /* utils.h */,
				E234345E1B4708D300B47472 /* shapes.h */,
				E234345D1B4708D300B47472 /* shapes.cc */,
			);
			path = common;
			sourceTree = "<group>";
		};
		E23434611B4708D300B47472 /* sweep */ = {
			isa = PBXGroup;
			children = (
				E23434631B4708D300B47472 /* advancing_front.h */,
				E23434621B4708D300B47472 /* advancing_front.cc */,
				E23434651B4708D300B47472 /* cdt.h */,
				E23434641B4708D300B47472 /* cdt.cc */,
				E23434671B4708D300B47472 /* sweep.h */,
				E23434661B4708D300B47472 /* sweep.cc */,
				E23434691B4708D300B47472 /* sweep_context.h */,
				E23434681B4708D300B47472 /* sweep_context.cc */,
			);
			path = sweep;
			sourceTree = "<group>";
		};
		E24799B01B497DD20041DCE5 /* Geometry */ = {
			isa = PBXGroup;
			children = (
				E24799AE1B497DC20041DCE5 /* DelaunayTests.swift */,
			);
			name = Geometry;
			sourceTree = "<group>";
		};
		E24799B41B49A8380041DCE5 /* PRNG */ = {
			isa = PBXGroup;
			children = (
				E24799BA1B49C0380041DCE5 /* Mersenne.h */,
				E24799BB1B49C0380041DCE5 /* Mersenne.mm */,
				E24799BE1B49D1CB0041DCE5 /* Mersenne.swift */,
			);
			name = PRNG;
			sourceTree = "<group>";
		};
		E24799C41B49D1F80041DCE5 /* PRNG */ = {
			isa = PBXGroup;
			children = (
				E24799C11B49D1F20041DCE5 /* MersenneTests.swift */,
			);
			name = PRNG;
			sourceTree = "<group>";
		};
		E25129841B449AC400CF5BD5 /* Extensions */ = {
			isa = PBXGroup;
			children = (
				E23434CD1B4742B600B47472 /* CGPointTests.swift */,
			);
			name = Extensions;
			sourceTree = "<group>";
		};
		E26D3B2F1B3F3EE500C6F1D4 /* Extensions */ = {
			isa = PBXGroup;
			children = (
				E23434CA1B47428200B47472 /* CGPoint.swift */,
			);
			name = Extensions;
			sourceTree = "<group>";
		};
		E299497E1B3F79BF005AE2A5 /* Geometry */ = {
			isa = PBXGroup;
			children = (
				E23434C31B470C7000B47472 /* Delaunay.h */,
				E23434C41B470C7000B47472 /* Delaunay.mm */,
				E24799B11B4996EC0041DCE5 /* Delaunay.swift */,
				E24799B71B49AAED0041DCE5 /* Triangle.swift */,
			);
			name = Geometry;
			sourceTree = "<group>";
		};
		E2E4C46F1B3F13C500E399FB = {
			isa = PBXGroup;
			children = (
				E2E4C47B1B3F13C500E399FB /* LowPoly */,
				E2E4C49C1B3F16E300E399FB /* LowPolyExample */,
				E2E4C4881B3F13C600E399FB /* LowPolyTests */,
				E2E4C47A1B3F13C500E399FB /* Products */,
			);
			sourceTree = "<group>";
		};
		E2E4C47A1B3F13C500E399FB /* Products */ = {
			isa = PBXGroup;
			children = (
				E2E4C4791B3F13C500E399FB /* LowPoly.framework */,
				E2E4C4841B3F13C600E399FB /* LowPolyTests.xctest */,
				E2E4C49B1B3F16E300E399FB /* LowPolyExample.app */,
			);
			name = Products;
			sourceTree = "<group>";
		};
		E2E4C47B1B3F13C500E399FB /* LowPoly */ = {
			isa = PBXGroup;
			children = (
				E2E4C4951B3F14C700E399FB /* LowPolyView.swift */,
				E299497E1B3F79BF005AE2A5 /* Geometry */,
				E24799B41B49A8380041DCE5 /* PRNG */,
				E26D3B2F1B3F3EE500C6F1D4 /* Extensions */,
				E234344B1B46F1FA00B47472 /* Submodules */,
				E2E4C47C1B3F13C500E399FB /* Supporting Files */,
			);
			path = LowPoly;
			sourceTree = "<group>";
		};
		E2E4C47C1B3F13C500E399FB /* Supporting Files */ = {
			isa = PBXGroup;
			children = (
				E2E4C47D1B3F13C500E399FB /* Info.plist */,
				E23434501B46F29600B47472 /* LowPoly-Bridging-Header.h */,
			);
			name = "Supporting Files";
			sourceTree = "<group>";
		};
		E2E4C4881B3F13C600E399FB /* LowPolyTests */ = {
			isa = PBXGroup;
			children = (
				E24799B01B497DD20041DCE5 /* Geometry */,
				E24799C41B49D1F80041DCE5 /* PRNG */,
				E25129841B449AC400CF5BD5 /* Extensions */,
				E2E4C4891B3F13C600E399FB /* Supporting Files */,
			);
			path = LowPolyTests;
			sourceTree = "<group>";
		};
		E2E4C4891B3F13C600E399FB /* Supporting Files */ = {
			isa = PBXGroup;
			children = (
				E2E4C48A1B3F13C600E399FB /* Info.plist */,
			);
			name = "Supporting Files";
			sourceTree = "<group>";
		};
		E2E4C49C1B3F16E300E399FB /* LowPolyExample */ = {
			isa = PBXGroup;
			children = (
				E2E4C49F1B3F16E300E399FB /* AppDelegate.swift */,
				E2E4C4A31B3F16E300E399FB /* Main.storyboard */,
				E2E4C4A61B3F16E300E399FB /* Images.xcassets */,
				E2E4C4A81B3F16E300E399FB /* LaunchScreen.xib */,
				E2E4C49D1B3F16E300E399FB /* Supporting Files */,
			);
			path = LowPolyExample;
			sourceTree = "<group>";
		};
		E2E4C49D1B3F16E300E399FB /* Supporting Files */ = {
			isa = PBXGroup;
			children = (
				E2E4C49E1B3F16E300E399FB /* Info.plist */,
			);
			name = "Supporting Files";
			sourceTree = "<group>";
		};
/* End PBXGroup section */

/* Begin PBXHeadersBuildPhase section */
		E2E4C4761B3F13C500E399FB /* Headers */ = {
			isa = PBXHeadersBuildPhase;
			buildActionMask = 2147483647;
			files = (
				E23434911B4708D300B47472 /* cdt.h in Headers */,
				E234348A1B4708D300B47472 /* utils.h in Headers */,
				E23434C51B470C7000B47472 /* Delaunay.h in Headers */,
				E234348B1B4708D300B47472 /* poly2tri.h in Headers */,
				E23434891B4708D300B47472 /* shapes.h in Headers */,
				E234348E1B4708D300B47472 /* advancing_front.h in Headers */,
				E23434971B4708D300B47472 /* sweep_context.h in Headers */,
				E23434941B4708D300B47472 /* sweep.h in Headers */,
				E23434511B46F29600B47472 /* LowPoly-Bridging-Header.h in Headers */,
				E24799BC1B49C0380041DCE5 /* Mersenne.h in Headers */,
			);
			runOnlyForDeploymentPostprocessing = 0;
		};
/* End PBXHeadersBuildPhase section */

/* Begin PBXNativeTarget section */
		E2E4C4781B3F13C500E399FB /* LowPoly */ = {
			isa = PBXNativeTarget;
			buildConfigurationList = E2E4C48F1B3F13C600E399FB /* Build configuration list for PBXNativeTarget "LowPoly" */;
			buildPhases = (
				E2E4C4741B3F13C500E399FB /* Sources */,
				E2E4C4751B3F13C500E399FB /* Frameworks */,
				E2E4C4761B3F13C500E399FB /* Headers */,
				E2E4C4771B3F13C500E399FB /* Resources */,
			);
			buildRules = (
			);
			dependencies = (
			);
			name = LowPoly;
			productName = LowPoly;
			productReference = E2E4C4791B3F13C500E399FB /* LowPoly.framework */;
			productType = "com.apple.product-type.framework";
		};
		E2E4C4831B3F13C600E399FB /* LowPolyTests */ = {
			isa = PBXNativeTarget;
			buildConfigurationList = E2E4C4921B3F13C600E399FB /* Build configuration list for PBXNativeTarget "LowPolyTests" */;
			buildPhases = (
				E2E4C4801B3F13C600E399FB /* Sources */,
				E2E4C4811B3F13C600E399FB /* Frameworks */,
				E2E4C4821B3F13C600E399FB /* Resources */,
			);
			buildRules = (
			);
			dependencies = (
				E2E4C4871B3F13C600E399FB /* PBXTargetDependency */,
			);
			name = LowPolyTests;
			productName = LowPolyTests;
			productReference = E2E4C4841B3F13C600E399FB /* LowPolyTests.xctest */;
			productType = "com.apple.product-type.bundle.unit-test";
		};
		E2E4C49A1B3F16E300E399FB /* LowPolyExample */ = {
			isa = PBXNativeTarget;
			buildConfigurationList = E2E4C4B71B3F16E300E399FB /* Build configuration list for PBXNativeTarget "LowPolyExample" */;
			buildPhases = (
				E2E4C4971B3F16E300E399FB /* Sources */,
				E2E4C4981B3F16E300E399FB /* Frameworks */,
				E2E4C4991B3F16E300E399FB /* Resources */,
			);
			buildRules = (
			);
			dependencies = (
				E2EE48CA1B41DDDD00857A74 /* PBXTargetDependency */,
			);
			name = LowPolyExample;
			productName = LowPolyExample;
			productReference = E2E4C49B1B3F16E300E399FB /* LowPolyExample.app */;
			productType = "com.apple.product-type.application";
		};
/* End PBXNativeTarget section */

/* Begin PBXProject section */
		E2E4C4701B3F13C500E399FB /* Project object */ = {
			isa = PBXProject;
			attributes = {
				LastUpgradeCheck = 0630;
				ORGANIZATIONNAME = "Tom Heinan";
				TargetAttributes = {
					E2E4C4781B3F13C500E399FB = {
						CreatedOnToolsVersion = 6.3.2;
					};
					E2E4C4831B3F13C600E399FB = {
						CreatedOnToolsVersion = 6.3.2;
					};
					E2E4C49A1B3F16E300E399FB = {
						CreatedOnToolsVersion = 6.3.2;
					};
				};
			};
			buildConfigurationList = E2E4C4731B3F13C500E399FB /* Build configuration list for PBXProject "LowPoly" */;
			compatibilityVersion = "Xcode 3.2";
			developmentRegion = English;
			hasScannedForEncodings = 0;
			knownRegions = (
				en,
				Base,
			);
			mainGroup = E2E4C46F1B3F13C500E399FB;
			productRefGroup = E2E4C47A1B3F13C500E399FB /* Products */;
			projectDirPath = "";
			projectRoot = "";
			targets = (
				E2E4C4781B3F13C500E399FB /* LowPoly */,
				E2E4C49A1B3F16E300E399FB /* LowPolyExample */,
				E2E4C4831B3F13C600E399FB /* LowPolyTests */,
			);
		};
/* End PBXProject section */

/* Begin PBXResourcesBuildPhase section */
		E2E4C4771B3F13C500E399FB /* Resources */ = {
			isa = PBXResourcesBuildPhase;
			buildActionMask = 2147483647;
			files = (
			);
			runOnlyForDeploymentPostprocessing = 0;
		};
		E2E4C4821B3F13C600E399FB /* Resources */ = {
			isa = PBXResourcesBuildPhase;
			buildActionMask = 2147483647;
			files = (
			);
			runOnlyForDeploymentPostprocessing = 0;
		};
		E2E4C4991B3F16E300E399FB /* Resources */ = {
			isa = PBXResourcesBuildPhase;
			buildActionMask = 2147483647;
			files = (
				E2E4C4A51B3F16E300E399FB /* Main.storyboard in Resources */,
				E2E4C4AA1B3F16E300E399FB /* LaunchScreen.xib in Resources */,
				E2E4C4A71B3F16E300E399FB /* Images.xcassets in Resources */,
			);
			runOnlyForDeploymentPostprocessing = 0;
		};
/* End PBXResourcesBuildPhase section */

/* Begin PBXSourcesBuildPhase section */
		E2E4C4741B3F13C500E399FB /* Sources */ = {
			isa = PBXSourcesBuildPhase;
			buildActionMask = 2147483647;
			files = (
				E23434951B4708D300B47472 /* sweep_context.cc in Sources */,
				E23434871B4708D300B47472 /* shapes.cc in Sources */,
				E24799BF1B49D1CB0041DCE5 /* Mersenne.swift in Sources */,
				E234348C1B4708D300B47472 /* advancing_front.cc in Sources */,
				E24799B81B49AAED0041DCE5 /* Triangle.swift in Sources */,
				E234348F1B4708D300B47472 /* cdt.cc in Sources */,
				E24799B21B4996EC0041DCE5 /* Delaunay.swift in Sources */,
				E23434C61B470C7000B47472 /* Delaunay.mm in Sources */,
				E24799BD1B49C0380041DCE5 /* Mersenne.mm in Sources */,
				E2E4C4961B3F14C700E399FB /* LowPolyView.swift in Sources */,
				E23434CC1B47428200B47472 /* CGPoint.swift in Sources */,
				E23434921B4708D300B47472 /* sweep.cc in Sources */,
			);
			runOnlyForDeploymentPostprocessing = 0;
		};
		E2E4C4801B3F13C600E399FB /* Sources */ = {
			isa = PBXSourcesBuildPhase;
			buildActionMask = 2147483647;
			files = (
				E23434881B4708D300B47472 /* shapes.cc in Sources */,
				E23434901B4708D300B47472 /* cdt.cc in Sources */,
				E24799C01B49D1CB0041DCE5 /* Mersenne.swift in Sources */,
				E23434931B4708D300B47472 /* sweep.cc in Sources */,
				E23434CF1B4742C500B47472 /* CGPoint.swift in Sources */,
				E24799B31B4996F40041DCE5 /* Delaunay.swift in Sources */,
				E234348D1B4708D300B47472 /* advancing_front.cc in Sources */,
				E23434CE1B4742B600B47472 /* CGPointTests.swift in Sources */,
				E24799B91B49AAED0041DCE5 /* Triangle.swift in Sources */,
				E24799C31B49D1F20041DCE5 /* MersenneTests.swift in Sources */,
				E2F7C8361B4761B100D1A4A2 /* Delaunay.mm in Sources */,
				E24799AF1B497DC20041DCE5 /* DelaunayTests.swift in Sources */,
				E23434961B4708D300B47472 /* sweep_context.cc in Sources */,
			);
			runOnlyForDeploymentPostprocessing = 0;
		};
		E2E4C4971B3F16E300E399FB /* Sources */ = {
			isa = PBXSourcesBuildPhase;
			buildActionMask = 2147483647;
			files = (
				E2E4C4A01B3F16E300E399FB /* AppDelegate.swift in Sources */,
			);
			runOnlyForDeploymentPostprocessing = 0;
		};
/* End PBXSourcesBuildPhase section */

/* Begin PBXTargetDependency section */
		E2E4C4871B3F13C600E399FB /* PBXTargetDependency */ = {
			isa = PBXTargetDependency;
			target = E2E4C4781B3F13C500E399FB /* LowPoly */;
			targetProxy = E2E4C4861B3F13C600E399FB /* PBXContainerItemProxy */;
		};
		E2EE48CA1B41DDDD00857A74 /* PBXTargetDependency */ = {
			isa = PBXTargetDependency;
			target = E2E4C4781B3F13C500E399FB /* LowPoly */;
			targetProxy = E2EE48C91B41DDDD00857A74 /* PBXContainerItemProxy */;
		};
/* End PBXTargetDependency section */

/* Begin PBXVariantGroup section */
		E2E4C4A31B3F16E300E399FB /* Main.storyboard */ = {
			isa = PBXVariantGroup;
			children = (
				E2E4C4A41B3F16E300E399FB /* Base */,
			);
			name = Main.storyboard;
			sourceTree = "<group>";
		};
		E2E4C4A81B3F16E300E399FB /* LaunchScreen.xib */ = {
			isa = PBXVariantGroup;
			children = (
				E2E4C4A91B3F16E300E399FB /* Base */,
			);
			name = LaunchScreen.xib;
			sourceTree = "<group>";
		};
/* End PBXVariantGroup section */

/* Begin XCBuildConfiguration section */
		E2E4C48D1B3F13C600E399FB /* Debug */ = {
			isa = XCBuildConfiguration;
			buildSettings = {
				ALWAYS_SEARCH_USER_PATHS = NO;
				CLANG_CXX_LANGUAGE_STANDARD = "gnu++0x";
				CLANG_CXX_LIBRARY = "libc++";
				CLANG_ENABLE_MODULES = YES;
				CLANG_ENABLE_OBJC_ARC = YES;
				CLANG_WARN_BOOL_CONVERSION = YES;
				CLANG_WARN_CONSTANT_CONVERSION = YES;
				CLANG_WARN_DIRECT_OBJC_ISA_USAGE = YES_ERROR;
				CLANG_WARN_EMPTY_BODY = YES;
				CLANG_WARN_ENUM_CONVERSION = YES;
				CLANG_WARN_INT_CONVERSION = YES;
				CLANG_WARN_OBJC_ROOT_CLASS = YES_ERROR;
				CLANG_WARN_UNREACHABLE_CODE = YES;
				CLANG_WARN__DUPLICATE_METHOD_MATCH = YES;
				"CODE_SIGN_IDENTITY[sdk=iphoneos*]" = "iPhone Developer";
				COPY_PHASE_STRIP = NO;
				CURRENT_PROJECT_VERSION = 1;
				DEBUG_INFORMATION_FORMAT = "dwarf-with-dsym";
				ENABLE_STRICT_OBJC_MSGSEND = YES;
				GCC_C_LANGUAGE_STANDARD = gnu99;
				GCC_DYNAMIC_NO_PIC = NO;
				GCC_NO_COMMON_BLOCKS = YES;
				GCC_OPTIMIZATION_LEVEL = 0;
				GCC_PREPROCESSOR_DEFINITIONS = (
					"DEBUG=1",
					"$(inherited)",
				);
				GCC_SYMBOLS_PRIVATE_EXTERN = NO;
				GCC_WARN_64_TO_32_BIT_CONVERSION = YES;
				GCC_WARN_ABOUT_RETURN_TYPE = YES_ERROR;
				GCC_WARN_UNDECLARED_SELECTOR = YES;
				GCC_WARN_UNINITIALIZED_AUTOS = YES_AGGRESSIVE;
				GCC_WARN_UNUSED_FUNCTION = YES;
				GCC_WARN_UNUSED_VARIABLE = YES;
				IPHONEOS_DEPLOYMENT_TARGET = 8.3;
				MTL_ENABLE_DEBUG_INFO = YES;
				ONLY_ACTIVE_ARCH = YES;
				SDKROOT = iphoneos;
				SWIFT_OPTIMIZATION_LEVEL = "-Onone";
				TARGETED_DEVICE_FAMILY = "1,2";
				VERSIONING_SYSTEM = "apple-generic";
				VERSION_INFO_PREFIX = "";
			};
			name = Debug;
		};
		E2E4C48E1B3F13C600E399FB /* Release */ = {
			isa = XCBuildConfiguration;
			buildSettings = {
				ALWAYS_SEARCH_USER_PATHS = NO;
				CLANG_CXX_LANGUAGE_STANDARD = "gnu++0x";
				CLANG_CXX_LIBRARY = "libc++";
				CLANG_ENABLE_MODULES = YES;
				CLANG_ENABLE_OBJC_ARC = YES;
				CLANG_WARN_BOOL_CONVERSION = YES;
				CLANG_WARN_CONSTANT_CONVERSION = YES;
				CLANG_WARN_DIRECT_OBJC_ISA_USAGE = YES_ERROR;
				CLANG_WARN_EMPTY_BODY = YES;
				CLANG_WARN_ENUM_CONVERSION = YES;
				CLANG_WARN_INT_CONVERSION = YES;
				CLANG_WARN_OBJC_ROOT_CLASS = YES_ERROR;
				CLANG_WARN_UNREACHABLE_CODE = YES;
				CLANG_WARN__DUPLICATE_METHOD_MATCH = YES;
				"CODE_SIGN_IDENTITY[sdk=iphoneos*]" = "iPhone Developer";
				COPY_PHASE_STRIP = NO;
				CURRENT_PROJECT_VERSION = 1;
				DEBUG_INFORMATION_FORMAT = "dwarf-with-dsym";
				ENABLE_NS_ASSERTIONS = NO;
				ENABLE_STRICT_OBJC_MSGSEND = YES;
				GCC_C_LANGUAGE_STANDARD = gnu99;
				GCC_NO_COMMON_BLOCKS = YES;
				GCC_WARN_64_TO_32_BIT_CONVERSION = YES;
				GCC_WARN_ABOUT_RETURN_TYPE = YES_ERROR;
				GCC_WARN_UNDECLARED_SELECTOR = YES;
				GCC_WARN_UNINITIALIZED_AUTOS = YES_AGGRESSIVE;
				GCC_WARN_UNUSED_FUNCTION = YES;
				GCC_WARN_UNUSED_VARIABLE = YES;
				IPHONEOS_DEPLOYMENT_TARGET = 8.3;
				MTL_ENABLE_DEBUG_INFO = NO;
				SDKROOT = iphoneos;
				TARGETED_DEVICE_FAMILY = "1,2";
				VALIDATE_PRODUCT = YES;
				VERSIONING_SYSTEM = "apple-generic";
				VERSION_INFO_PREFIX = "";
			};
			name = Release;
		};
		E2E4C4901B3F13C600E399FB /* Debug */ = {
			isa = XCBuildConfiguration;
			buildSettings = {
				CLANG_ALLOW_NON_MODULAR_INCLUDES_IN_FRAMEWORK_MODULES = NO;
				CLANG_ENABLE_MODULES = YES;
				DEFINES_MODULE = YES;
				DYLIB_COMPATIBILITY_VERSION = 1;
				DYLIB_CURRENT_VERSION = 1;
				DYLIB_INSTALL_NAME_BASE = "@rpath";
				HEADER_SEARCH_PATHS = (
					"$(inherited)",
					/Applications/Xcode.app/Contents/Developer/Toolchains/XcodeDefault.xctoolchain/usr/include,
				);
				INFOPLIST_FILE = LowPoly/Info.plist;
				INSTALL_PATH = "$(LOCAL_LIBRARY_DIR)/Frameworks";
				LD_RUNPATH_SEARCH_PATHS = "$(inherited) @executable_path/Frameworks @loader_path/Frameworks";
				PRODUCT_NAME = "$(TARGET_NAME)";
				SKIP_INSTALL = YES;
				SWIFT_OBJC_BRIDGING_HEADER = "$(SOURCE_ROOT)/LowPoly/Supporting Files/LowPoly-Bridging-Header.h";
				SWIFT_OPTIMIZATION_LEVEL = "-Onone";
				USER_HEADER_SEARCH_PATHS = "";
			};
			name = Debug;
		};
		E2E4C4911B3F13C600E399FB /* Release */ = {
			isa = XCBuildConfiguration;
			buildSettings = {
				CLANG_ALLOW_NON_MODULAR_INCLUDES_IN_FRAMEWORK_MODULES = NO;
				CLANG_ENABLE_MODULES = YES;
				DEFINES_MODULE = YES;
				DYLIB_COMPATIBILITY_VERSION = 1;
				DYLIB_CURRENT_VERSION = 1;
				DYLIB_INSTALL_NAME_BASE = "@rpath";
				HEADER_SEARCH_PATHS = (
					"$(inherited)",
					/Applications/Xcode.app/Contents/Developer/Toolchains/XcodeDefault.xctoolchain/usr/include,
				);
				INFOPLIST_FILE = LowPoly/Info.plist;
				INSTALL_PATH = "$(LOCAL_LIBRARY_DIR)/Frameworks";
				LD_RUNPATH_SEARCH_PATHS = "$(inherited) @executable_path/Frameworks @loader_path/Frameworks";
				PRODUCT_NAME = "$(TARGET_NAME)";
				SKIP_INSTALL = YES;
				SWIFT_OBJC_BRIDGING_HEADER = "$(SOURCE_ROOT)/LowPoly/Supporting Files/LowPoly-Bridging-Header.h";
				USER_HEADER_SEARCH_PATHS = "";
			};
			name = Release;
		};
		E2E4C4931B3F13C600E399FB /* Debug */ = {
			isa = XCBuildConfiguration;
			buildSettings = {
				CLANG_ENABLE_MODULES = YES;
				FRAMEWORK_SEARCH_PATHS = (
					"$(SDKROOT)/Developer/Library/Frameworks",
					"$(inherited)",
				);
				GCC_PREPROCESSOR_DEFINITIONS = (
					"DEBUG=1",
					"$(inherited)",
				);
				INFOPLIST_FILE = LowPolyTests/Info.plist;
				LD_RUNPATH_SEARCH_PATHS = "$(inherited) @executable_path/Frameworks @loader_path/Frameworks";
				PRODUCT_NAME = "$(TARGET_NAME)";
				SWIFT_OBJC_BRIDGING_HEADER = "$(SOURCE_ROOT)/LowPoly/Supporting Files/LowPoly-Bridging-Header.h";
				SWIFT_OPTIMIZATION_LEVEL = "-Onone";
				USER_HEADER_SEARCH_PATHS = "";
			};
			name = Debug;
		};
		E2E4C4941B3F13C600E399FB /* Release */ = {
			isa = XCBuildConfiguration;
			buildSettings = {
				CLANG_ENABLE_MODULES = YES;
				FRAMEWORK_SEARCH_PATHS = (
					"$(SDKROOT)/Developer/Library/Frameworks",
					"$(inherited)",
				);
				INFOPLIST_FILE = LowPolyTests/Info.plist;
				LD_RUNPATH_SEARCH_PATHS = "$(inherited) @executable_path/Frameworks @loader_path/Frameworks";
				PRODUCT_NAME = "$(TARGET_NAME)";
				SWIFT_OBJC_BRIDGING_HEADER = "$(SOURCE_ROOT)/LowPoly/Supporting Files/LowPoly-Bridging-Header.h";
				USER_HEADER_SEARCH_PATHS = "";
			};
			name = Release;
		};
		E2E4C4B81B3F16E300E399FB /* Debug */ = {
			isa = XCBuildConfiguration;
			buildSettings = {
				ASSETCATALOG_COMPILER_APPICON_NAME = AppIcon;
				GCC_PREPROCESSOR_DEFINITIONS = (
					"DEBUG=1",
					"$(inherited)",
				);
				INFOPLIST_FILE = LowPolyExample/Info.plist;
				LD_RUNPATH_SEARCH_PATHS = "$(inherited) @executable_path/Frameworks";
				PRODUCT_NAME = "$(TARGET_NAME)";
				SWIFT_OBJC_BRIDGING_HEADER = "";
				USER_HEADER_SEARCH_PATHS = "";
			};
			name = Debug;
		};
		E2E4C4B91B3F16E300E399FB /* Release */ = {
			isa = XCBuildConfiguration;
			buildSettings = {
				ASSETCATALOG_COMPILER_APPICON_NAME = AppIcon;
				INFOPLIST_FILE = LowPolyExample/Info.plist;
				LD_RUNPATH_SEARCH_PATHS = "$(inherited) @executable_path/Frameworks";
				PRODUCT_NAME = "$(TARGET_NAME)";
				SWIFT_OBJC_BRIDGING_HEADER = "";
				USER_HEADER_SEARCH_PATHS = "";
			};
			name = Release;
		};
/* End XCBuildConfiguration section */

/* Begin XCConfigurationList section */
		E2E4C4731B3F13C500E399FB /* Build configuration list for PBXProject "LowPoly" */ = {
			isa = XCConfigurationList;
			buildConfigurations = (
				E2E4C48D1B3F13C600E399FB /* Debug */,
				E2E4C48E1B3F13C600E399FB /* Release */,
			);
			defaultConfigurationIsVisible = 0;
			defaultConfigurationName = Release;
		};
		E2E4C48F1B3F13C600E399FB /* Build configuration list for PBXNativeTarget "LowPoly" */ = {
			isa = XCConfigurationList;
			buildConfigurations = (
				E2E4C4901B3F13C600E399FB /* Debug */,
				E2E4C4911B3F13C600E399FB /* Release */,
			);
			defaultConfigurationIsVisible = 0;
			defaultConfigurationName = Release;
		};
		E2E4C4921B3F13C600E399FB /* Build configuration list for PBXNativeTarget "LowPolyTests" */ = {
			isa = XCConfigurationList;
			buildConfigurations = (
				E2E4C4931B3F13C600E399FB /* Debug */,
				E2E4C4941B3F13C600E399FB /* Release */,
			);
			defaultConfigurationIsVisible = 0;
			defaultConfigurationName = Release;
		};
		E2E4C4B71B3F16E300E399FB /* Build configuration list for PBXNativeTarget "LowPolyExample" */ = {
			isa = XCConfigurationList;
			buildConfigurations = (
				E2E4C4B81B3F16E300E399FB /* Debug */,
				E2E4C4B91B3F16E300E399FB /* Release */,
			);
			defaultConfigurationIsVisible = 0;
			defaultConfigurationName = Release;
		};
/* End XCConfigurationList section */
	};
	rootObject = E2E4C4701B3F13C500E399FB /* Project object */;
}
